
Microsoft Visual Studio Solution File, Format Version 12.00
# Visual Studio Version 17
VisualStudioVersion = 17.5.002.0
MinimumVisualStudioVersion = 10.0.40219.1
Project("{9A19103F-16F7-4668-BE54-9A1E7A4F7556}") = "DesafioPOO", "DesafioPOO.csproj", "{4EDF7981-0A65-40A4-A042-E88D128B56EC}"
EndProject
Global
	GlobalSection(SolutionConfigurationPlatforms) = preSolution
		Debug|Any CPU = Debug|Any CPU
		Release|Any CPU = Release|Any CPU
	EndGlobalSection
	GlobalSection(ProjectConfigurationPlatforms) = postSolution
		{4EDF7981-0A65-40A4-A042-E88D128B56EC}.Debug|Any CPU.ActiveCfg = Debug|Any CPU
		{4EDF7981-0A65-40A4-A042-E88D128B56EC}.Debug|Any CPU.Build.0 = Debug|Any CPU
		{4EDF7981-0A65-40A4-A042-E88D128B56EC}.Release|Any CPU.ActiveCfg = Release|Any CPU
		{4EDF7981-0A65-40A4-A042-E88D128B56EC}.Release|Any CPU.Build.0 = Release|Any CPU
	EndGlobalSection
	GlobalSection(SolutionProperties) = preSolution
		HideSolutionNode = FALSE
	EndGlobalSection
	GlobalSection(ExtensibilityGlobals) = postSolution
		SolutionGuid = {5B82E99D-8574-4E36-8238-347F326DF8D5}
	EndGlobalSection
EndGlobal
